
Microsoft Visual Studio Solution File, Format Version 12.00
# Visual Studio Version 17
VisualStudioVersion = 17.7.34202.233
MinimumVisualStudioVersion = 10.0.40219.1
Project("{9A19103F-16F7-4668-BE54-9A1E7A4F7556}") = "Lab 1 2024", "Lab 1 2024\Lab 1 2024.csproj", "{47C9751C-A3AB-4363-9AFD-A43633EC21EE}"
EndProject
Project("{FAE04EC0-301F-11D3-BF4B-00C04F79EFBC}") = "Laboratorium 2", "Laboratorium 2\Laboratorium 2.csproj", "{0A5EBBD0-D301-4BC7-9982-7B4D8CEEDD32}"
EndProject
Global
	GlobalSection(SolutionConfigurationPlatforms) = preSolution
		Debug|Any CPU = Debug|Any CPU
		Release|Any CPU = Release|Any CPU
	EndGlobalSection
	GlobalSection(ProjectConfigurationPlatforms) = postSolution
		{47C9751C-A3AB-4363-9AFD-A43633EC21EE}.Debug|Any CPU.ActiveCfg = Debug|Any CPU
		{47C9751C-A3AB-4363-9AFD-A43633EC21EE}.Debug|Any CPU.Build.0 = Debug|Any CPU
		{47C9751C-A3AB-4363-9AFD-A43633EC21EE}.Release|Any CPU.ActiveCfg = Release|Any CPU
		{47C9751C-A3AB-4363-9AFD-A43633EC21EE}.Release|Any CPU.Build.0 = Release|Any CPU
		{0A5EBBD0-D301-4BC7-9982-7B4D8CEEDD32}.Debug|Any CPU.ActiveCfg = Debug|Any CPU
		{0A5EBBD0-D301-4BC7-9982-7B4D8CEEDD32}.Debug|Any CPU.Build.0 = Debug|Any CPU
		{0A5EBBD0-D301-4BC7-9982-7B4D8CEEDD32}.Release|Any CPU.ActiveCfg = Release|Any CPU
		{0A5EBBD0-D301-4BC7-9982-7B4D8CEEDD32}.Release|Any CPU.Build.0 = Release|Any CPU
	EndGlobalSection
	GlobalSection(SolutionProperties) = preSolution
		HideSolutionNode = FALSE
	EndGlobalSection
	GlobalSection(ExtensibilityGlobals) = postSolution
		SolutionGuid = {F78617C5-A8A1-4939-999E-EC5BB88DA4C0}
	EndGlobalSection
EndGlobal
